// !$*UTF8*$!
{
	archiveVersion = 1;
	classes = {
	};
	objectVersion = 46;
	objects = {

/* Begin PBXBuildFile section */
		EA08B60018166589000CB080 /* NSData+SHA1.m in Sources */ = {isa = PBXBuildFile; fileRef = EA08B5FF18166589000CB080 /* NSData+SHA1.m */; };
		EA08B604181665E4000CB080 /* NSString+SHA1.m in Sources */ = {isa = PBXBuildFile; fileRef = EA08B603181665E4000CB080 /* NSString+SHA1.m */; };
		EA2B01931826705B008DD366 /* Images.xcassets in Resources */ = {isa = PBXBuildFile; fileRef = EA2B01921826705B008DD366 /* Images.xcassets */; };
		EA2B01961826716D008DD366 /* PasscodeViewController.m in Sources */ = {isa = PBXBuildFile; fileRef = EA2B01951826716D008DD366 /* PasscodeViewController.m */; };
		EA2B019A182671A8008DD366 /* UIStoryboard+Extensions.m in Sources */ = {isa = PBXBuildFile; fileRef = EA2B0199182671A8008DD366 /* UIStoryboard+Extensions.m */; };
		EA2B019E182678A9008DD366 /* KeychainItemWrapper.m in Sources */ = {isa = PBXBuildFile; fileRef = EA2B019D182678A9008DD366 /* KeychainItemWrapper.m */; settings = {COMPILER_FLAGS = "-fno-objc-arc"; }; };
		EA2B01A01826798C008DD366 /* Security.framework in Frameworks */ = {isa = PBXBuildFile; fileRef = EA2B019F1826798C008DD366 /* Security.framework */; };
		EA2B01A318267ED1008DD366 /* UIAlertView+Extensions.m in Sources */ = {isa = PBXBuildFile; fileRef = EA2B01A218267ED1008DD366 /* UIAlertView+Extensions.m */; };
		EA2B01A6182680AF008DD366 /* KeychainManager.m in Sources */ = {isa = PBXBuildFile; fileRef = EA2B01A5182680AF008DD366 /* KeychainManager.m */; };
		EA2B01AC1826B187008DD366 /* UIDevice+Extensions.m in Sources */ = {isa = PBXBuildFile; fileRef = EA2B01AB1826B187008DD366 /* UIDevice+Extensions.m */; };
		EA2B01B01826B885008DD366 /* Crypto.m in Sources */ = {isa = PBXBuildFile; fileRef = EA2B01AF1826B885008DD366 /* Crypto.m */; };
		EA2B01B31826C349008DD366 /* NSData+AES256.m in Sources */ = {isa = PBXBuildFile; fileRef = EA2B01B21826C349008DD366 /* NSData+AES256.m */; };
		EA5CFCE0175C9D73002FE0AE /* QuartzCore.framework in Frameworks */ = {isa = PBXBuildFile; fileRef = EA5CFCDF175C9D73002FE0AE /* QuartzCore.framework */; };
		EA5CFD03175CA032002FE0AE /* UITabBar+FlatUI.m in Sources */ = {isa = PBXBuildFile; fileRef = EA5CFCEB175CA032002FE0AE /* UITabBar+FlatUI.m */; };
		EA5CFD04175CA032002FE0AE /* UIProgressView+FlatUI.m in Sources */ = {isa = PBXBuildFile; fileRef = EA5CFCF0175CA032002FE0AE /* UIProgressView+FlatUI.m */; };
		EA5CFD05175CA032002FE0AE /* UINavigationBar+FlatUI.m in Sources */ = {isa = PBXBuildFile; fileRef = EA5CFCF4175CA032002FE0AE /* UINavigationBar+FlatUI.m */; };
		EA5CFD06175CA032002FE0AE /* UIFont+FlatUI.m in Sources */ = {isa = PBXBuildFile; fileRef = EA5CFCF6175CA032002FE0AE /* UIFont+FlatUI.m */; };
		EA5CFD07175CA032002FE0AE /* UISlider+FlatUI.m in Sources */ = {isa = PBXBuildFile; fileRef = EA5CFCF7175CA032002FE0AE /* UISlider+FlatUI.m */; };
		EA5CFD08175CA032002FE0AE /* UITableViewCell+FlatUI.m in Sources */ = {isa = PBXBuildFile; fileRef = EA5CFCF8175CA032002FE0AE /* UITableViewCell+FlatUI.m */; };
		EA5CFD09175CA032002FE0AE /* UIStepper+FlatUI.m in Sources */ = {isa = PBXBuildFile; fileRef = EA5CFCF9175CA032002FE0AE /* UIStepper+FlatUI.m */; };
		EA5CFD0A175CA032002FE0AE /* FUIButton.m in Sources */ = {isa = PBXBuildFile; fileRef = EA5CFCFA175CA032002FE0AE /* FUIButton.m */; };
		EA5CFD0B175CA032002FE0AE /* UIColor+FlatUI.m in Sources */ = {isa = PBXBuildFile; fileRef = EA5CFCFC175CA032002FE0AE /* UIColor+FlatUI.m */; };
		EA5CFD0C175CA032002FE0AE /* UIBarButtonItem+FlatUI.m in Sources */ = {isa = PBXBuildFile; fileRef = EA5CFCFD175CA032002FE0AE /* UIBarButtonItem+FlatUI.m */; };
		EA5CFD0D175CA032002FE0AE /* FUISegmentedControl.m in Sources */ = {isa = PBXBuildFile; fileRef = EA5CFCFE175CA032002FE0AE /* FUISegmentedControl.m */; };
		EA5CFD0E175CA032002FE0AE /* FUICellBackgroundView.m in Sources */ = {isa = PBXBuildFile; fileRef = EA5CFCFF175CA032002FE0AE /* FUICellBackgroundView.m */; };
		EA5CFD0F175CA032002FE0AE /* FUISwitch.m in Sources */ = {isa = PBXBuildFile; fileRef = EA5CFD00175CA032002FE0AE /* FUISwitch.m */; };
		EA5CFD10175CA032002FE0AE /* UIImage+FlatUI.m in Sources */ = {isa = PBXBuildFile; fileRef = EA5CFD01175CA032002FE0AE /* UIImage+FlatUI.m */; };
		EA5CFD11175CA032002FE0AE /* FUIAlertView.m in Sources */ = {isa = PBXBuildFile; fileRef = EA5CFD02175CA032002FE0AE /* FUIAlertView.m */; };
		EA5CFD14175CA124002FE0AE /* UIColor+MLPFlatColors.m in Sources */ = {isa = PBXBuildFile; fileRef = EA5CFD13175CA124002FE0AE /* UIColor+MLPFlatColors.m */; };
		EA5CFD16175CA187002FE0AE /* CoreText.framework in Frameworks */ = {isa = PBXBuildFile; fileRef = EA5CFD15175CA187002FE0AE /* CoreText.framework */; };
		EA5CFD22175CA29B002FE0AE /* Lato-HairlineItalic.ttf in Resources */ = {isa = PBXBuildFile; fileRef = EA5CFD18175CA29B002FE0AE /* Lato-HairlineItalic.ttf */; };
		EA5CFD23175CA29B002FE0AE /* Lato-LightItalic.ttf in Resources */ = {isa = PBXBuildFile; fileRef = EA5CFD19175CA29B002FE0AE /* Lato-LightItalic.ttf */; };
		EA5CFD24175CA29B002FE0AE /* Lato-BlackItalic.ttf in Resources */ = {isa = PBXBuildFile; fileRef = EA5CFD1A175CA29B002FE0AE /* Lato-BlackItalic.ttf */; };
		EA5CFD25175CA29B002FE0AE /* Lato-Black.ttf in Resources */ = {isa = PBXBuildFile; fileRef = EA5CFD1B175CA29B002FE0AE /* Lato-Black.ttf */; };
		EA5CFD26175CA29B002FE0AE /* Lato-Hairline.ttf in Resources */ = {isa = PBXBuildFile; fileRef = EA5CFD1C175CA29B002FE0AE /* Lato-Hairline.ttf */; };
		EA5CFD27175CA29B002FE0AE /* Lato-Italic.ttf in Resources */ = {isa = PBXBuildFile; fileRef = EA5CFD1D175CA29B002FE0AE /* Lato-Italic.ttf */; };
		EA5CFD28175CA29B002FE0AE /* Lato-Regular.ttf in Resources */ = {isa = PBXBuildFile; fileRef = EA5CFD1E175CA29B002FE0AE /* Lato-Regular.ttf */; };
		EA5CFD29175CA29B002FE0AE /* Lato-BoldItalic.ttf in Resources */ = {isa = PBXBuildFile; fileRef = EA5CFD1F175CA29B002FE0AE /* Lato-BoldItalic.ttf */; };
		EA5CFD2A175CA29B002FE0AE /* Lato-Bold.ttf in Resources */ = {isa = PBXBuildFile; fileRef = EA5CFD20175CA29B002FE0AE /* Lato-Bold.ttf */; };
		EA5CFD2B175CA29B002FE0AE /* Lato-Light.ttf in Resources */ = {isa = PBXBuildFile; fileRef = EA5CFD21175CA29B002FE0AE /* Lato-Light.ttf */; };
		EA5CFF12175CB6EC002FE0AE /* libzbar.a in Frameworks */ = {isa = PBXBuildFile; fileRef = EA5CFF0C175CB6EC002FE0AE /* libzbar.a */; };
		EA5CFF13175CB6EC002FE0AE /* zbar-back.png in Resources */ = {isa = PBXBuildFile; fileRef = EA5CFF0E175CB6EC002FE0AE /* zbar-back.png */; };
		EA5CFF14175CB6EC002FE0AE /* zbar-help.html in Resources */ = {isa = PBXBuildFile; fileRef = EA5CFF0F175CB6EC002FE0AE /* zbar-help.html */; };
		EA5CFF15175CB6EC002FE0AE /* zbar-helpicons.png in Resources */ = {isa = PBXBuildFile; fileRef = EA5CFF10175CB6EC002FE0AE /* zbar-helpicons.png */; };
		EA5CFF16175CB6EC002FE0AE /* zbar-samples.png in Resources */ = {isa = PBXBuildFile; fileRef = EA5CFF11175CB6EC002FE0AE /* zbar-samples.png */; };
		EA5CFF18175CB73C002FE0AE /* AVFoundation.framework in Frameworks */ = {isa = PBXBuildFile; fileRef = EA5CFF17175CB73C002FE0AE /* AVFoundation.framework */; };
		EA5CFF1A175CB741002FE0AE /* CoreMedia.framework in Frameworks */ = {isa = PBXBuildFile; fileRef = EA5CFF19175CB741002FE0AE /* CoreMedia.framework */; };
		EA5CFF1C175CB746002FE0AE /* CoreAudio.framework in Frameworks */ = {isa = PBXBuildFile; fileRef = EA5CFF1B175CB746002FE0AE /* CoreAudio.framework */; };
		EA5CFF1E175CB75E002FE0AE /* libiconv.dylib in Frameworks */ = {isa = PBXBuildFile; fileRef = EA5CFF1D175CB75E002FE0AE /* libiconv.dylib */; };
		EA5CFF20175CBC78002FE0AE /* CoreVideo.framework in Frameworks */ = {isa = PBXBuildFile; fileRef = EA5CFF1F175CBC78002FE0AE /* CoreVideo.framework */; };
		EA5CFF23175CD178002FE0AE /* PairedViewController.m in Sources */ = {isa = PBXBuildFile; fileRef = EA5CFF22175CD178002FE0AE /* PairedViewController.m */; };
		EA75D5D7181FBD0700A3A903 /* NSData+Base64.m in Sources */ = {isa = PBXBuildFile; fileRef = EA75D5D6181FBD0700A3A903 /* NSData+Base64.m */; };
		EA87DA2C1734FA420073AD82 /* UIKit.framework in Frameworks */ = {isa = PBXBuildFile; fileRef = EA87DA2B1734FA420073AD82 /* UIKit.framework */; };
		EA87DA2E1734FA420073AD82 /* Foundation.framework in Frameworks */ = {isa = PBXBuildFile; fileRef = EA87DA2D1734FA420073AD82 /* Foundation.framework */; };
		EA87DA301734FA420073AD82 /* CoreGraphics.framework in Frameworks */ = {isa = PBXBuildFile; fileRef = EA87DA2F1734FA420073AD82 /* CoreGraphics.framework */; };
		EA87DA361734FA420073AD82 /* InfoPlist.strings in Resources */ = {isa = PBXBuildFile; fileRef = EA87DA341734FA420073AD82 /* InfoPlist.strings */; };
		EA87DA381734FA420073AD82 /* main.m in Sources */ = {isa = PBXBuildFile; fileRef = EA87DA371734FA420073AD82 /* main.m */; };
		EA87DA3C1734FA420073AD82 /* AppDelegate.m in Sources */ = {isa = PBXBuildFile; fileRef = EA87DA3B1734FA420073AD82 /* AppDelegate.m */; };
		EA87DA3E1734FA420073AD82 /* Default.png in Resources */ = {isa = PBXBuildFile; fileRef = EA87DA3D1734FA420073AD82 /* Default.png */; };
		EA87DA401734FA420073AD82 /* Default@2x.png in Resources */ = {isa = PBXBuildFile; fileRef = EA87DA3F1734FA420073AD82 /* Default@2x.png */; };
		EA87DA421734FA420073AD82 /* Default-568h@2x.png in Resources */ = {isa = PBXBuildFile; fileRef = EA87DA411734FA420073AD82 /* Default-568h@2x.png */; };
		EA87DA451734FA420073AD82 /* MainStoryboard.storyboard in Resources */ = {isa = PBXBuildFile; fileRef = EA87DA431734FA420073AD82 /* MainStoryboard.storyboard */; };
		EA87DA481734FA420073AD82 /* ConnectViewController.m in Sources */ = {isa = PBXBuildFile; fileRef = EA87DA471734FA420073AD82 /* ConnectViewController.m */; };
		EA87DA531734FAAB0073AD82 /* MobilSignClient.m in Sources */ = {isa = PBXBuildFile; fileRef = EA87DA521734FAAB0073AD82 /* MobilSignClient.m */; };
		EA87DA56173521270073AD82 /* QRCodeViewController.m in Sources */ = {isa = PBXBuildFile; fileRef = EA87DA55173521270073AD82 /* QRCodeViewController.m */; };
		EAB7E14217365E1000794C9D /* CFNetwork.framework in Frameworks */ = {isa = PBXBuildFile; fileRef = EAB7E14117365E1000794C9D /* CFNetwork.framework */; };
/* End PBXBuildFile section */

/* Begin PBXFileReference section */
		EA08B5FE18166589000CB080 /* NSData+SHA1.h */ = {isa = PBXFileReference; fileEncoding = 4; lastKnownFileType = sourcecode.c.h; path = "NSData+SHA1.h"; sourceTree = "<group>"; };
		EA08B5FF18166589000CB080 /* NSData+SHA1.m */ = {isa = PBXFileReference; fileEncoding = 4; lastKnownFileType = sourcecode.c.objc; path = "NSData+SHA1.m"; sourceTree = "<group>"; };
		EA08B602181665E4000CB080 /* NSString+SHA1.h */ = {isa = PBXFileReference; fileEncoding = 4; lastKnownFileType = sourcecode.c.h; path = "NSString+SHA1.h"; sourceTree = "<group>"; };
		EA08B603181665E4000CB080 /* NSString+SHA1.m */ = {isa = PBXFileReference; fileEncoding = 4; lastKnownFileType = sourcecode.c.objc; path = "NSString+SHA1.m"; sourceTree = "<group>"; };
		EA2B01921826705B008DD366 /* Images.xcassets */ = {isa = PBXFileReference; lastKnownFileType = folder.assetcatalog; path = Images.xcassets; sourceTree = "<group>"; };
		EA2B01941826716D008DD366 /* PasscodeViewController.h */ = {isa = PBXFileReference; fileEncoding = 4; lastKnownFileType = sourcecode.c.h; path = PasscodeViewController.h; sourceTree = "<group>"; };
		EA2B01951826716D008DD366 /* PasscodeViewController.m */ = {isa = PBXFileReference; fileEncoding = 4; lastKnownFileType = sourcecode.c.objc; path = PasscodeViewController.m; sourceTree = "<group>"; };
		EA2B0198182671A8008DD366 /* UIStoryboard+Extensions.h */ = {isa = PBXFileReference; fileEncoding = 4; lastKnownFileType = sourcecode.c.h; path = "UIStoryboard+Extensions.h"; sourceTree = "<group>"; };
		EA2B0199182671A8008DD366 /* UIStoryboard+Extensions.m */ = {isa = PBXFileReference; fileEncoding = 4; lastKnownFileType = sourcecode.c.objc; path = "UIStoryboard+Extensions.m"; sourceTree = "<group>"; };
		EA2B019C182678A9008DD366 /* KeychainItemWrapper.h */ = {isa = PBXFileReference; fileEncoding = 4; lastKnownFileType = sourcecode.c.h; path = KeychainItemWrapper.h; sourceTree = "<group>"; };
		EA2B019D182678A9008DD366 /* KeychainItemWrapper.m */ = {isa = PBXFileReference; fileEncoding = 4; lastKnownFileType = sourcecode.c.objc; path = KeychainItemWrapper.m; sourceTree = "<group>"; };
		EA2B019F1826798C008DD366 /* Security.framework */ = {isa = PBXFileReference; lastKnownFileType = wrapper.framework; name = Security.framework; path = System/Library/Frameworks/Security.framework; sourceTree = SDKROOT; };
		EA2B01A118267ED1008DD366 /* UIAlertView+Extensions.h */ = {isa = PBXFileReference; fileEncoding = 4; lastKnownFileType = sourcecode.c.h; path = "UIAlertView+Extensions.h"; sourceTree = "<group>"; };
		EA2B01A218267ED1008DD366 /* UIAlertView+Extensions.m */ = {isa = PBXFileReference; fileEncoding = 4; lastKnownFileType = sourcecode.c.objc; path = "UIAlertView+Extensions.m"; sourceTree = "<group>"; };
		EA2B01A4182680AF008DD366 /* KeychainManager.h */ = {isa = PBXFileReference; fileEncoding = 4; lastKnownFileType = sourcecode.c.h; path = KeychainManager.h; sourceTree = "<group>"; };
		EA2B01A5182680AF008DD366 /* KeychainManager.m */ = {isa = PBXFileReference; fileEncoding = 4; lastKnownFileType = sourcecode.c.objc; path = KeychainManager.m; sourceTree = "<group>"; };
		EA2B01AA1826B187008DD366 /* UIDevice+Extensions.h */ = {isa = PBXFileReference; fileEncoding = 4; lastKnownFileType = sourcecode.c.h; path = "UIDevice+Extensions.h"; sourceTree = "<group>"; };
		EA2B01AB1826B187008DD366 /* UIDevice+Extensions.m */ = {isa = PBXFileReference; fileEncoding = 4; lastKnownFileType = sourcecode.c.objc; path = "UIDevice+Extensions.m"; sourceTree = "<group>"; };
		EA2B01AE1826B885008DD366 /* Crypto.h */ = {isa = PBXFileReference; fileEncoding = 4; lastKnownFileType = sourcecode.c.h; path = Crypto.h; sourceTree = "<group>"; };
		EA2B01AF1826B885008DD366 /* Crypto.m */ = {isa = PBXFileReference; fileEncoding = 4; lastKnownFileType = sourcecode.c.objc; path = Crypto.m; sourceTree = "<group>"; };
		EA2B01B11826C349008DD366 /* NSData+AES256.h */ = {isa = PBXFileReference; fileEncoding = 4; lastKnownFileType = sourcecode.c.h; path = "NSData+AES256.h"; sourceTree = "<group>"; };
		EA2B01B21826C349008DD366 /* NSData+AES256.m */ = {isa = PBXFileReference; fileEncoding = 4; lastKnownFileType = sourcecode.c.objc; path = "NSData+AES256.m"; sourceTree = "<group>"; };
		EA5CFCDF175C9D73002FE0AE /* QuartzCore.framework */ = {isa = PBXFileReference; lastKnownFileType = wrapper.framework; name = QuartzCore.framework; path = System/Library/Frameworks/QuartzCore.framework; sourceTree = SDKROOT; };
		EA5CFCE5175CA032002FE0AE /* UINavigationBar+FlatUI.h */ = {isa = PBXFileReference; fileEncoding = 4; lastKnownFileType = sourcecode.c.h; path = "UINavigationBar+FlatUI.h"; sourceTree = "<group>"; };
		EA5CFCE6175CA032002FE0AE /* UITabBar+FlatUI.h */ = {isa = PBXFileReference; fileEncoding = 4; lastKnownFileType = sourcecode.c.h; path = "UITabBar+FlatUI.h"; sourceTree = "<group>"; };
		EA5CFCE7175CA032002FE0AE /* UIFont+FlatUI.h */ = {isa = PBXFileReference; fileEncoding = 4; lastKnownFileType = sourcecode.c.h; path = "UIFont+FlatUI.h"; sourceTree = "<group>"; };
		EA5CFCE8175CA032002FE0AE /* UIProgressView+FlatUI.h */ = {isa = PBXFileReference; fileEncoding = 4; lastKnownFileType = sourcecode.c.h; path = "UIProgressView+FlatUI.h"; sourceTree = "<group>"; };
		EA5CFCE9175CA032002FE0AE /* FUIButton.h */ = {isa = PBXFileReference; fileEncoding = 4; lastKnownFileType = sourcecode.c.h; path = FUIButton.h; sourceTree = "<group>"; };
		EA5CFCEA175CA032002FE0AE /* UIStepper+FlatUI.h */ = {isa = PBXFileReference; fileEncoding = 4; lastKnownFileType = sourcecode.c.h; path = "UIStepper+FlatUI.h"; sourceTree = "<group>"; };
		EA5CFCEB175CA032002FE0AE /* UITabBar+FlatUI.m */ = {isa = PBXFileReference; fileEncoding = 4; lastKnownFileType = sourcecode.c.objc; path = "UITabBar+FlatUI.m"; sourceTree = "<group>"; };
		EA5CFCEC175CA032002FE0AE /* UITableViewCell+FlatUI.h */ = {isa = PBXFileReference; fileEncoding = 4; lastKnownFileType = sourcecode.c.h; path = "UITableViewCell+FlatUI.h"; sourceTree = "<group>"; };
		EA5CFCED175CA032002FE0AE /* FUICellBackgroundView.h */ = {isa = PBXFileReference; fileEncoding = 4; lastKnownFileType = sourcecode.c.h; path = FUICellBackgroundView.h; sourceTree = "<group>"; };
		EA5CFCEE175CA032002FE0AE /* FUISegmentedControl.h */ = {isa = PBXFileReference; fileEncoding = 4; lastKnownFileType = sourcecode.c.h; path = FUISegmentedControl.h; sourceTree = "<group>"; };
		EA5CFCEF175CA032002FE0AE /* UISlider+FlatUI.h */ = {isa = PBXFileReference; fileEncoding = 4; lastKnownFileType = sourcecode.c.h; path = "UISlider+FlatUI.h"; sourceTree = "<group>"; };
		EA5CFCF0175CA032002FE0AE /* UIProgressView+FlatUI.m */ = {isa = PBXFileReference; fileEncoding = 4; lastKnownFileType = sourcecode.c.objc; path = "UIProgressView+FlatUI.m"; sourceTree = "<group>"; };
		EA5CFCF1175CA032002FE0AE /* FUISwitch.h */ = {isa = PBXFileReference; fileEncoding = 4; lastKnownFileType = sourcecode.c.h; path = FUISwitch.h; sourceTree = "<group>"; };
		EA5CFCF2175CA032002FE0AE /* UIImage+FlatUI.h */ = {isa = PBXFileReference; fileEncoding = 4; lastKnownFileType = sourcecode.c.h; path = "UIImage+FlatUI.h"; sourceTree = "<group>"; };
		EA5CFCF3175CA032002FE0AE /* UIColor+FlatUI.h */ = {isa = PBXFileReference; fileEncoding = 4; lastKnownFileType = sourcecode.c.h; path = "UIColor+FlatUI.h"; sourceTree = "<group>"; };
		EA5CFCF4175CA032002FE0AE /* UINavigationBar+FlatUI.m */ = {isa = PBXFileReference; fileEncoding = 4; lastKnownFileType = sourcecode.c.objc; path = "UINavigationBar+FlatUI.m"; sourceTree = "<group>"; };
		EA5CFCF5175CA032002FE0AE /* UIBarButtonItem+FlatUI.h */ = {isa = PBXFileReference; fileEncoding = 4; lastKnownFileType = sourcecode.c.h; path = "UIBarButtonItem+FlatUI.h"; sourceTree = "<group>"; };
		EA5CFCF6175CA032002FE0AE /* UIFont+FlatUI.m */ = {isa = PBXFileReference; fileEncoding = 4; lastKnownFileType = sourcecode.c.objc; path = "UIFont+FlatUI.m"; sourceTree = "<group>"; };
		EA5CFCF7175CA032002FE0AE /* UISlider+FlatUI.m */ = {isa = PBXFileReference; fileEncoding = 4; lastKnownFileType = sourcecode.c.objc; path = "UISlider+FlatUI.m"; sourceTree = "<group>"; };
		EA5CFCF8175CA032002FE0AE /* UITableViewCell+FlatUI.m */ = {isa = PBXFileReference; fileEncoding = 4; lastKnownFileType = sourcecode.c.objc; path = "UITableViewCell+FlatUI.m"; sourceTree = "<group>"; };
		EA5CFCF9175CA032002FE0AE /* UIStepper+FlatUI.m */ = {isa = PBXFileReference; fileEncoding = 4; lastKnownFileType = sourcecode.c.objc; path = "UIStepper+FlatUI.m"; sourceTree = "<group>"; };
		EA5CFCFA175CA032002FE0AE /* FUIButton.m */ = {isa = PBXFileReference; fileEncoding = 4; lastKnownFileType = sourcecode.c.objc; path = FUIButton.m; sourceTree = "<group>"; };
		EA5CFCFB175CA032002FE0AE /* FUIAlertView.h */ = {isa = PBXFileReference; fileEncoding = 4; lastKnownFileType = sourcecode.c.h; path = FUIAlertView.h; sourceTree = "<group>"; };
		EA5CFCFC175CA032002FE0AE /* UIColor+FlatUI.m */ = {isa = PBXFileReference; fileEncoding = 4; lastKnownFileType = sourcecode.c.objc; path = "UIColor+FlatUI.m"; sourceTree = "<group>"; };
		EA5CFCFD175CA032002FE0AE /* UIBarButtonItem+FlatUI.m */ = {isa = PBXFileReference; fileEncoding = 4; lastKnownFileType = sourcecode.c.objc; path = "UIBarButtonItem+FlatUI.m"; sourceTree = "<group>"; };
		EA5CFCFE175CA032002FE0AE /* FUISegmentedControl.m */ = {isa = PBXFileReference; fileEncoding = 4; lastKnownFileType = sourcecode.c.objc; path = FUISegmentedControl.m; sourceTree = "<group>"; };
		EA5CFCFF175CA032002FE0AE /* FUICellBackgroundView.m */ = {isa = PBXFileReference; fileEncoding = 4; lastKnownFileType = sourcecode.c.objc; path = FUICellBackgroundView.m; sourceTree = "<group>"; };
		EA5CFD00175CA032002FE0AE /* FUISwitch.m */ = {isa = PBXFileReference; fileEncoding = 4; lastKnownFileType = sourcecode.c.objc; path = FUISwitch.m; sourceTree = "<group>"; };
		EA5CFD01175CA032002FE0AE /* UIImage+FlatUI.m */ = {isa = PBXFileReference; fileEncoding = 4; lastKnownFileType = sourcecode.c.objc; path = "UIImage+FlatUI.m"; sourceTree = "<group>"; };
		EA5CFD02175CA032002FE0AE /* FUIAlertView.m */ = {isa = PBXFileReference; fileEncoding = 4; lastKnownFileType = sourcecode.c.objc; path = FUIAlertView.m; sourceTree = "<group>"; };
		EA5CFD12175CA124002FE0AE /* UIColor+MLPFlatColors.h */ = {isa = PBXFileReference; fileEncoding = 4; lastKnownFileType = sourcecode.c.h; path = "UIColor+MLPFlatColors.h"; sourceTree = "<group>"; };
		EA5CFD13175CA124002FE0AE /* UIColor+MLPFlatColors.m */ = {isa = PBXFileReference; fileEncoding = 4; lastKnownFileType = sourcecode.c.objc; path = "UIColor+MLPFlatColors.m"; sourceTree = "<group>"; };
		EA5CFD15175CA187002FE0AE /* CoreText.framework */ = {isa = PBXFileReference; lastKnownFileType = wrapper.framework; name = CoreText.framework; path = System/Library/Frameworks/CoreText.framework; sourceTree = SDKROOT; };
		EA5CFD18175CA29B002FE0AE /* Lato-HairlineItalic.ttf */ = {isa = PBXFileReference; lastKnownFileType = file; path = "Lato-HairlineItalic.ttf"; sourceTree = "<group>"; };
		EA5CFD19175CA29B002FE0AE /* Lato-LightItalic.ttf */ = {isa = PBXFileReference; lastKnownFileType = file; path = "Lato-LightItalic.ttf"; sourceTree = "<group>"; };
		EA5CFD1A175CA29B002FE0AE /* Lato-BlackItalic.ttf */ = {isa = PBXFileReference; lastKnownFileType = file; path = "Lato-BlackItalic.ttf"; sourceTree = "<group>"; };
		EA5CFD1B175CA29B002FE0AE /* Lato-Black.ttf */ = {isa = PBXFileReference; lastKnownFileType = file; path = "Lato-Black.ttf"; sourceTree = "<group>"; };
		EA5CFD1C175CA29B002FE0AE /* Lato-Hairline.ttf */ = {isa = PBXFileReference; lastKnownFileType = file; path = "Lato-Hairline.ttf"; sourceTree = "<group>"; };
		EA5CFD1D175CA29B002FE0AE /* Lato-Italic.ttf */ = {isa = PBXFileReference; lastKnownFileType = file; path = "Lato-Italic.ttf"; sourceTree = "<group>"; };
		EA5CFD1E175CA29B002FE0AE /* Lato-Regular.ttf */ = {isa = PBXFileReference; lastKnownFileType = file; path = "Lato-Regular.ttf"; sourceTree = "<group>"; };
		EA5CFD1F175CA29B002FE0AE /* Lato-BoldItalic.ttf */ = {isa = PBXFileReference; lastKnownFileType = file; path = "Lato-BoldItalic.ttf"; sourceTree = "<group>"; };
		EA5CFD20175CA29B002FE0AE /* Lato-Bold.ttf */ = {isa = PBXFileReference; lastKnownFileType = file; path = "Lato-Bold.ttf"; sourceTree = "<group>"; };
		EA5CFD21175CA29B002FE0AE /* Lato-Light.ttf */ = {isa = PBXFileReference; lastKnownFileType = file; path = "Lato-Light.ttf"; sourceTree = "<group>"; };
		EA5CFEF8175CB6EC002FE0AE /* Decoder.h */ = {isa = PBXFileReference; fileEncoding = 4; lastKnownFileType = sourcecode.c.h; path = Decoder.h; sourceTree = "<group>"; };
		EA5CFEF9175CB6EC002FE0AE /* Exception.h */ = {isa = PBXFileReference; fileEncoding = 4; lastKnownFileType = sourcecode.c.h; path = Exception.h; sourceTree = "<group>"; };
		EA5CFEFA175CB6EC002FE0AE /* Image.h */ = {isa = PBXFileReference; fileEncoding = 4; lastKnownFileType = sourcecode.c.h; path = Image.h; sourceTree = "<group>"; };
		EA5CFEFB175CB6EC002FE0AE /* ImageScanner.h */ = {isa = PBXFileReference; fileEncoding = 4; lastKnownFileType = sourcecode.c.h; path = ImageScanner.h; sourceTree = "<group>"; };
		EA5CFEFC175CB6EC002FE0AE /* Processor.h */ = {isa = PBXFileReference; fileEncoding = 4; lastKnownFileType = sourcecode.c.h; path = Processor.h; sourceTree = "<group>"; };
		EA5CFEFD175CB6EC002FE0AE /* Scanner.h */ = {isa = PBXFileReference; fileEncoding = 4; lastKnownFileType = sourcecode.c.h; path = Scanner.h; sourceTree = "<group>"; };
		EA5CFEFE175CB6EC002FE0AE /* Symbol.h */ = {isa = PBXFileReference; fileEncoding = 4; lastKnownFileType = sourcecode.c.h; path = Symbol.h; sourceTree = "<group>"; };
		EA5CFEFF175CB6EC002FE0AE /* Video.h */ = {isa = PBXFileReference; fileEncoding = 4; lastKnownFileType = sourcecode.c.h; path = Video.h; sourceTree = "<group>"; };
		EA5CFF00175CB6EC002FE0AE /* Window.h */ = {isa = PBXFileReference; fileEncoding = 4; lastKnownFileType = sourcecode.c.h; path = Window.h; sourceTree = "<group>"; };
		EA5CFF01175CB6EC002FE0AE /* zbar.h */ = {isa = PBXFileReference; fileEncoding = 4; lastKnownFileType = sourcecode.c.h; path = zbar.h; sourceTree = "<group>"; };
		EA5CFF02175CB6EC002FE0AE /* ZBarCameraSimulator.h */ = {isa = PBXFileReference; fileEncoding = 4; lastKnownFileType = sourcecode.c.h; path = ZBarCameraSimulator.h; sourceTree = "<group>"; };
		EA5CFF03175CB6EC002FE0AE /* ZBarCaptureReader.h */ = {isa = PBXFileReference; fileEncoding = 4; lastKnownFileType = sourcecode.c.h; path = ZBarCaptureReader.h; sourceTree = "<group>"; };
		EA5CFF04175CB6EC002FE0AE /* ZBarHelpController.h */ = {isa = PBXFileReference; fileEncoding = 4; lastKnownFileType = sourcecode.c.h; path = ZBarHelpController.h; sourceTree = "<group>"; };
		EA5CFF05175CB6EC002FE0AE /* ZBarImage.h */ = {isa = PBXFileReference; fileEncoding = 4; lastKnownFileType = sourcecode.c.h; path = ZBarImage.h; sourceTree = "<group>"; };
		EA5CFF06175CB6EC002FE0AE /* ZBarImageScanner.h */ = {isa = PBXFileReference; fileEncoding = 4; lastKnownFileType = sourcecode.c.h; path = ZBarImageScanner.h; sourceTree = "<group>"; };
		EA5CFF07175CB6EC002FE0AE /* ZBarReaderController.h */ = {isa = PBXFileReference; fileEncoding = 4; lastKnownFileType = sourcecode.c.h; path = ZBarReaderController.h; sourceTree = "<group>"; };
		EA5CFF08175CB6EC002FE0AE /* ZBarReaderView.h */ = {isa = PBXFileReference; fileEncoding = 4; lastKnownFileType = sourcecode.c.h; path = ZBarReaderView.h; sourceTree = "<group>"; };
		EA5CFF09175CB6EC002FE0AE /* ZBarReaderViewController.h */ = {isa = PBXFileReference; fileEncoding = 4; lastKnownFileType = sourcecode.c.h; path = ZBarReaderViewController.h; sourceTree = "<group>"; };
		EA5CFF0A175CB6EC002FE0AE /* ZBarSDK.h */ = {isa = PBXFileReference; fileEncoding = 4; lastKnownFileType = sourcecode.c.h; path = ZBarSDK.h; sourceTree = "<group>"; };
		EA5CFF0B175CB6EC002FE0AE /* ZBarSymbol.h */ = {isa = PBXFileReference; fileEncoding = 4; lastKnownFileType = sourcecode.c.h; path = ZBarSymbol.h; sourceTree = "<group>"; };
		EA5CFF0C175CB6EC002FE0AE /* libzbar.a */ = {isa = PBXFileReference; lastKnownFileType = archive.ar; path = libzbar.a; sourceTree = "<group>"; };
		EA5CFF0E175CB6EC002FE0AE /* zbar-back.png */ = {isa = PBXFileReference; lastKnownFileType = image.png; path = "zbar-back.png"; sourceTree = "<group>"; };
		EA5CFF0F175CB6EC002FE0AE /* zbar-help.html */ = {isa = PBXFileReference; fileEncoding = 4; lastKnownFileType = text.html; path = "zbar-help.html"; sourceTree = "<group>"; };
		EA5CFF10175CB6EC002FE0AE /* zbar-helpicons.png */ = {isa = PBXFileReference; lastKnownFileType = image.png; path = "zbar-helpicons.png"; sourceTree = "<group>"; };
		EA5CFF11175CB6EC002FE0AE /* zbar-samples.png */ = {isa = PBXFileReference; lastKnownFileType = image.png; path = "zbar-samples.png"; sourceTree = "<group>"; };
		EA5CFF17175CB73C002FE0AE /* AVFoundation.framework */ = {isa = PBXFileReference; lastKnownFileType = wrapper.framework; name = AVFoundation.framework; path = System/Library/Frameworks/AVFoundation.framework; sourceTree = SDKROOT; };
		EA5CFF19175CB741002FE0AE /* CoreMedia.framework */ = {isa = PBXFileReference; lastKnownFileType = wrapper.framework; name = CoreMedia.framework; path = System/Library/Frameworks/CoreMedia.framework; sourceTree = SDKROOT; };
		EA5CFF1B175CB746002FE0AE /* CoreAudio.framework */ = {isa = PBXFileReference; lastKnownFileType = wrapper.framework; name = CoreAudio.framework; path = System/Library/Frameworks/CoreAudio.framework; sourceTree = SDKROOT; };
		EA5CFF1D175CB75E002FE0AE /* libiconv.dylib */ = {isa = PBXFileReference; lastKnownFileType = "compiled.mach-o.dylib"; name = libiconv.dylib; path = usr/lib/libiconv.dylib; sourceTree = SDKROOT; };
		EA5CFF1F175CBC78002FE0AE /* CoreVideo.framework */ = {isa = PBXFileReference; lastKnownFileType = wrapper.framework; name = CoreVideo.framework; path = System/Library/Frameworks/CoreVideo.framework; sourceTree = SDKROOT; };
		EA5CFF21175CD178002FE0AE /* PairedViewController.h */ = {isa = PBXFileReference; fileEncoding = 4; lastKnownFileType = sourcecode.c.h; path = PairedViewController.h; sourceTree = "<group>"; };
		EA5CFF22175CD178002FE0AE /* PairedViewController.m */ = {isa = PBXFileReference; fileEncoding = 4; lastKnownFileType = sourcecode.c.objc; path = PairedViewController.m; sourceTree = "<group>"; };
		EA75D5D5181FBD0700A3A903 /* NSData+Base64.h */ = {isa = PBXFileReference; fileEncoding = 4; lastKnownFileType = sourcecode.c.h; path = "NSData+Base64.h"; sourceTree = "<group>"; };
		EA75D5D6181FBD0700A3A903 /* NSData+Base64.m */ = {isa = PBXFileReference; fileEncoding = 4; lastKnownFileType = sourcecode.c.objc; path = "NSData+Base64.m"; sourceTree = "<group>"; };
		EA87DA281734FA420073AD82 /* MobilSign.app */ = {isa = PBXFileReference; explicitFileType = wrapper.application; includeInIndex = 0; path = MobilSign.app; sourceTree = BUILT_PRODUCTS_DIR; };
		EA87DA2B1734FA420073AD82 /* UIKit.framework */ = {isa = PBXFileReference; lastKnownFileType = wrapper.framework; name = UIKit.framework; path = System/Library/Frameworks/UIKit.framework; sourceTree = SDKROOT; };
		EA87DA2D1734FA420073AD82 /* Foundation.framework */ = {isa = PBXFileReference; lastKnownFileType = wrapper.framework; name = Foundation.framework; path = System/Library/Frameworks/Foundation.framework; sourceTree = SDKROOT; };
		EA87DA2F1734FA420073AD82 /* CoreGraphics.framework */ = {isa = PBXFileReference; lastKnownFileType = wrapper.framework; name = CoreGraphics.framework; path = System/Library/Frameworks/CoreGraphics.framework; sourceTree = SDKROOT; };
		EA87DA331734FA420073AD82 /* MobilSign-Info.plist */ = {isa = PBXFileReference; lastKnownFileType = text.plist.xml; path = "MobilSign-Info.plist"; sourceTree = "<group>"; };
		EA87DA351734FA420073AD82 /* en */ = {isa = PBXFileReference; lastKnownFileType = text.plist.strings; name = en; path = en.lproj/InfoPlist.strings; sourceTree = "<group>"; };
		EA87DA371734FA420073AD82 /* main.m */ = {isa = PBXFileReference; lastKnownFileType = sourcecode.c.objc; path = main.m; sourceTree = "<group>"; };
		EA87DA391734FA420073AD82 /* MobilSign-Prefix.pch */ = {isa = PBXFileReference; lastKnownFileType = sourcecode.c.h; path = "MobilSign-Prefix.pch"; sourceTree = "<group>"; };
		EA87DA3A1734FA420073AD82 /* AppDelegate.h */ = {isa = PBXFileReference; lastKnownFileType = sourcecode.c.h; path = AppDelegate.h; sourceTree = "<group>"; };
		EA87DA3B1734FA420073AD82 /* AppDelegate.m */ = {isa = PBXFileReference; lastKnownFileType = sourcecode.c.objc; path = AppDelegate.m; sourceTree = "<group>"; };
		EA87DA3D1734FA420073AD82 /* Default.png */ = {isa = PBXFileReference; lastKnownFileType = image.png; path = Default.png; sourceTree = "<group>"; };
		EA87DA3F1734FA420073AD82 /* Default@2x.png */ = {isa = PBXFileReference; lastKnownFileType = image.png; path = "Default@2x.png"; sourceTree = "<group>"; };
		EA87DA411734FA420073AD82 /* Default-568h@2x.png */ = {isa = PBXFileReference; lastKnownFileType = image.png; path = "Default-568h@2x.png"; sourceTree = "<group>"; };
		EA87DA441734FA420073AD82 /* en */ = {isa = PBXFileReference; lastKnownFileType = file.storyboard; name = en; path = en.lproj/MainStoryboard.storyboard; sourceTree = "<group>"; };
		EA87DA461734FA420073AD82 /* ConnectViewController.h */ = {isa = PBXFileReference; lastKnownFileType = sourcecode.c.h; path = ConnectViewController.h; sourceTree = "<group>"; };
		EA87DA471734FA420073AD82 /* ConnectViewController.m */ = {isa = PBXFileReference; lastKnownFileType = sourcecode.c.objc; path = ConnectViewController.m; sourceTree = "<group>"; };
		EA87DA511734FAAB0073AD82 /* MobilSignClient.h */ = {isa = PBXFileReference; fileEncoding = 4; lastKnownFileType = sourcecode.c.h; path = MobilSignClient.h; sourceTree = "<group>"; };
		EA87DA521734FAAB0073AD82 /* MobilSignClient.m */ = {isa = PBXFileReference; fileEncoding = 4; lastKnownFileType = sourcecode.c.objc; path = MobilSignClient.m; sourceTree = "<group>"; };
		EA87DA54173521270073AD82 /* QRCodeViewController.h */ = {isa = PBXFileReference; fileEncoding = 4; lastKnownFileType = sourcecode.c.h; path = QRCodeViewController.h; sourceTree = "<group>"; };
		EA87DA55173521270073AD82 /* QRCodeViewController.m */ = {isa = PBXFileReference; fileEncoding = 4; lastKnownFileType = sourcecode.c.objc; path = QRCodeViewController.m; sourceTree = "<group>"; };
		EAB7E14117365E1000794C9D /* CFNetwork.framework */ = {isa = PBXFileReference; lastKnownFileType = wrapper.framework; name = CFNetwork.framework; path = System/Library/Frameworks/CFNetwork.framework; sourceTree = SDKROOT; };
/* End PBXFileReference section */

/* Begin PBXFrameworksBuildPhase section */
		EA87DA251734FA420073AD82 /* Frameworks */ = {
			isa = PBXFrameworksBuildPhase;
			buildActionMask = 2147483647;
			files = (
				EA2B01A01826798C008DD366 /* Security.framework in Frameworks */,
				EA5CFF20175CBC78002FE0AE /* CoreVideo.framework in Frameworks */,
				EA5CFF1E175CB75E002FE0AE /* libiconv.dylib in Frameworks */,
				EA5CFF1C175CB746002FE0AE /* CoreAudio.framework in Frameworks */,
				EA5CFF1A175CB741002FE0AE /* CoreMedia.framework in Frameworks */,
				EA5CFF18175CB73C002FE0AE /* AVFoundation.framework in Frameworks */,
				EA5CFD16175CA187002FE0AE /* CoreText.framework in Frameworks */,
				EA5CFCE0175C9D73002FE0AE /* QuartzCore.framework in Frameworks */,
				EAB7E14217365E1000794C9D /* CFNetwork.framework in Frameworks */,
				EA87DA2C1734FA420073AD82 /* UIKit.framework in Frameworks */,
				EA87DA2E1734FA420073AD82 /* Foundation.framework in Frameworks */,
				EA87DA301734FA420073AD82 /* CoreGraphics.framework in Frameworks */,
				EA5CFF12175CB6EC002FE0AE /* libzbar.a in Frameworks */,
			);
			runOnlyForDeploymentPostprocessing = 0;
		};
/* End PBXFrameworksBuildPhase section */

/* Begin PBXGroup section */
		EA08B601181665C2000CB080 /* SHA1 */ = {
			isa = PBXGroup;
			children = (
				EA08B5FE18166589000CB080 /* NSData+SHA1.h */,
				EA08B5FF18166589000CB080 /* NSData+SHA1.m */,
				EA08B602181665E4000CB080 /* NSString+SHA1.h */,
				EA08B603181665E4000CB080 /* NSString+SHA1.m */,
			);
			name = SHA1;
			sourceTree = "<group>";
		};
		EA2B019718267183008DD366 /* Categories */ = {
			isa = PBXGroup;
			children = (
				EA2B01B11826C349008DD366 /* NSData+AES256.h */,
				EA2B01B21826C349008DD366 /* NSData+AES256.m */,
				EA2B01AA1826B187008DD366 /* UIDevice+Extensions.h */,
				EA2B01AB1826B187008DD366 /* UIDevice+Extensions.m */,
				EA2B0198182671A8008DD366 /* UIStoryboard+Extensions.h */,
				EA2B0199182671A8008DD366 /* UIStoryboard+Extensions.m */,
				EA2B01A118267ED1008DD366 /* UIAlertView+Extensions.h */,
				EA2B01A218267ED1008DD366 /* UIAlertView+Extensions.m */,
			);
			name = Categories;
			sourceTree = "<group>";
		};
		EA2B019B18267892008DD366 /* Keychain wrapper */ = {
			isa = PBXGroup;
			children = (
				EA2B019C182678A9008DD366 /* KeychainItemWrapper.h */,
				EA2B019D182678A9008DD366 /* KeychainItemWrapper.m */,
			);
			name = "Keychain wrapper";
			sourceTree = "<group>";
		};
		EA2B01AD1826B857008DD366 /* Managers */ = {
			isa = PBXGroup;
			children = (
				EA2B01A4182680AF008DD366 /* KeychainManager.h */,
				EA2B01A5182680AF008DD366 /* KeychainManager.m */,
				EA87DA511734FAAB0073AD82 /* MobilSignClient.h */,
				EA87DA521734FAAB0073AD82 /* MobilSignClient.m */,
				EA2B01AE1826B885008DD366 /* Crypto.h */,
				EA2B01AF1826B885008DD366 /* Crypto.m */,
			);
			name = Managers;
			sourceTree = "<group>";
		};
		EA5CFCE4175CA01E002FE0AE /* FlatUIKit */ = {
			isa = PBXGroup;
			children = (
				EA5CFD17175CA28B002FE0AE /* Font */,
				EA5CFCE5175CA032002FE0AE /* UINavigationBar+FlatUI.h */,
				EA5CFCE6175CA032002FE0AE /* UITabBar+FlatUI.h */,
				EA5CFCE7175CA032002FE0AE /* UIFont+FlatUI.h */,
				EA5CFCE8175CA032002FE0AE /* UIProgressView+FlatUI.h */,
				EA5CFCE9175CA032002FE0AE /* FUIButton.h */,
				EA5CFCEA175CA032002FE0AE /* UIStepper+FlatUI.h */,
				EA5CFCEB175CA032002FE0AE /* UITabBar+FlatUI.m */,
				EA5CFCEC175CA032002FE0AE /* UITableViewCell+FlatUI.h */,
				EA5CFCED175CA032002FE0AE /* FUICellBackgroundView.h */,
				EA5CFCEE175CA032002FE0AE /* FUISegmentedControl.h */,
				EA5CFCEF175CA032002FE0AE /* UISlider+FlatUI.h */,
				EA5CFCF0175CA032002FE0AE /* UIProgressView+FlatUI.m */,
				EA5CFCF1175CA032002FE0AE /* FUISwitch.h */,
				EA5CFCF2175CA032002FE0AE /* UIImage+FlatUI.h */,
				EA5CFCF3175CA032002FE0AE /* UIColor+FlatUI.h */,
				EA5CFCF4175CA032002FE0AE /* UINavigationBar+FlatUI.m */,
				EA5CFCF5175CA032002FE0AE /* UIBarButtonItem+FlatUI.h */,
				EA5CFCF6175CA032002FE0AE /* UIFont+FlatUI.m */,
				EA5CFCF7175CA032002FE0AE /* UISlider+FlatUI.m */,
				EA5CFCF8175CA032002FE0AE /* UITableViewCell+FlatUI.m */,
				EA5CFCF9175CA032002FE0AE /* UIStepper+FlatUI.m */,
				EA5CFCFA175CA032002FE0AE /* FUIButton.m */,
				EA5CFCFB175CA032002FE0AE /* FUIAlertView.h */,
				EA5CFCFC175CA032002FE0AE /* UIColor+FlatUI.m */,
				EA5CFCFD175CA032002FE0AE /* UIBarButtonItem+FlatUI.m */,
				EA5CFCFE175CA032002FE0AE /* FUISegmentedControl.m */,
				EA5CFCFF175CA032002FE0AE /* FUICellBackgroundView.m */,
				EA5CFD00175CA032002FE0AE /* FUISwitch.m */,
				EA5CFD01175CA032002FE0AE /* UIImage+FlatUI.m */,
				EA5CFD02175CA032002FE0AE /* FUIAlertView.m */,
			);
			name = FlatUIKit;
			sourceTree = "<group>";
		};
		EA5CFD17175CA28B002FE0AE /* Font */ = {
			isa = PBXGroup;
			children = (
				EA5CFD18175CA29B002FE0AE /* Lato-HairlineItalic.ttf */,
				EA5CFD19175CA29B002FE0AE /* Lato-LightItalic.ttf */,
				EA5CFD1A175CA29B002FE0AE /* Lato-BlackItalic.ttf */,
				EA5CFD1B175CA29B002FE0AE /* Lato-Black.ttf */,
				EA5CFD1C175CA29B002FE0AE /* Lato-Hairline.ttf */,
				EA5CFD1D175CA29B002FE0AE /* Lato-Italic.ttf */,
				EA5CFD1E175CA29B002FE0AE /* Lato-Regular.ttf */,
				EA5CFD1F175CA29B002FE0AE /* Lato-BoldItalic.ttf */,
				EA5CFD20175CA29B002FE0AE /* Lato-Bold.ttf */,
				EA5CFD21175CA29B002FE0AE /* Lato-Light.ttf */,
			);
			name = Font;
			sourceTree = "<group>";
		};
		EA5CFD2C175CA8D7002FE0AE /* MLPFlatColors */ = {
			isa = PBXGroup;
			children = (
				EA5CFD12175CA124002FE0AE /* UIColor+MLPFlatColors.h */,
				EA5CFD13175CA124002FE0AE /* UIColor+MLPFlatColors.m */,
			);
			name = MLPFlatColors;
			sourceTree = "<group>";
		};
		EA5CFEF4175CB6EC002FE0AE /* ZBarSDK */ = {
			isa = PBXGroup;
			children = (
				EA5CFEF5175CB6EC002FE0AE /* Headers */,
				EA5CFF0C175CB6EC002FE0AE /* libzbar.a */,
				EA5CFF0D175CB6EC002FE0AE /* Resources */,
			);
			path = ZBarSDK;
			sourceTree = "<group>";
		};
		EA5CFEF5175CB6EC002FE0AE /* Headers */ = {
			isa = PBXGroup;
			children = (
				EA5CFEF6175CB6EC002FE0AE /* ZBarSDK */,
			);
			path = Headers;
			sourceTree = "<group>";
		};
		EA5CFEF6175CB6EC002FE0AE /* ZBarSDK */ = {
			isa = PBXGroup;
			children = (
				EA5CFEF7175CB6EC002FE0AE /* zbar */,
				EA5CFF01175CB6EC002FE0AE /* zbar.h */,
				EA5CFF02175CB6EC002FE0AE /* ZBarCameraSimulator.h */,
				EA5CFF03175CB6EC002FE0AE /* ZBarCaptureReader.h */,
				EA5CFF04175CB6EC002FE0AE /* ZBarHelpController.h */,
				EA5CFF05175CB6EC002FE0AE /* ZBarImage.h */,
				EA5CFF06175CB6EC002FE0AE /* ZBarImageScanner.h */,
				EA5CFF07175CB6EC002FE0AE /* ZBarReaderController.h */,
				EA5CFF08175CB6EC002FE0AE /* ZBarReaderView.h */,
				EA5CFF09175CB6EC002FE0AE /* ZBarReaderViewController.h */,
				EA5CFF0A175CB6EC002FE0AE /* ZBarSDK.h */,
				EA5CFF0B175CB6EC002FE0AE /* ZBarSymbol.h */,
			);
			path = ZBarSDK;
			sourceTree = "<group>";
		};
		EA5CFEF7175CB6EC002FE0AE /* zbar */ = {
			isa = PBXGroup;
			children = (
				EA5CFEF8175CB6EC002FE0AE /* Decoder.h */,
				EA5CFEF9175CB6EC002FE0AE /* Exception.h */,
				EA5CFEFA175CB6EC002FE0AE /* Image.h */,
				EA5CFEFB175CB6EC002FE0AE /* ImageScanner.h */,
				EA5CFEFC175CB6EC002FE0AE /* Processor.h */,
				EA5CFEFD175CB6EC002FE0AE /* Scanner.h */,
				EA5CFEFE175CB6EC002FE0AE /* Symbol.h */,
				EA5CFEFF175CB6EC002FE0AE /* Video.h */,
				EA5CFF00175CB6EC002FE0AE /* Window.h */,
			);
			path = zbar;
			sourceTree = "<group>";
		};
		EA5CFF0D175CB6EC002FE0AE /* Resources */ = {
			isa = PBXGroup;
			children = (
				EA5CFF0E175CB6EC002FE0AE /* zbar-back.png */,
				EA5CFF0F175CB6EC002FE0AE /* zbar-help.html */,
				EA5CFF10175CB6EC002FE0AE /* zbar-helpicons.png */,
				EA5CFF11175CB6EC002FE0AE /* zbar-samples.png */,
			);
			path = Resources;
			sourceTree = "<group>";
		};
		EA75D5D4181FBCD300A3A903 /* Base64 */ = {
			isa = PBXGroup;
			children = (
				EA75D5D5181FBD0700A3A903 /* NSData+Base64.h */,
				EA75D5D6181FBD0700A3A903 /* NSData+Base64.m */,
			);
			name = Base64;
			sourceTree = "<group>";
		};
		EA87DA1F1734FA420073AD82 = {
			isa = PBXGroup;
			children = (
				EA87DA311734FA420073AD82 /* MobilSign */,
				EA87DA2A1734FA420073AD82 /* Frameworks */,
				EA87DA291734FA420073AD82 /* Products */,
			);
			sourceTree = "<group>";
		};
		EA87DA291734FA420073AD82 /* Products */ = {
			isa = PBXGroup;
			children = (
				EA87DA281734FA420073AD82 /* MobilSign.app */,
			);
			name = Products;
			sourceTree = "<group>";
		};
		EA87DA2A1734FA420073AD82 /* Frameworks */ = {
			isa = PBXGroup;
			children = (
				EA2B019F1826798C008DD366 /* Security.framework */,
				EA5CFF1D175CB75E002FE0AE /* libiconv.dylib */,
				EA5CFF1F175CBC78002FE0AE /* CoreVideo.framework */,
				EA5CFF1B175CB746002FE0AE /* CoreAudio.framework */,
				EA5CFF19175CB741002FE0AE /* CoreMedia.framework */,
				EA5CFF17175CB73C002FE0AE /* AVFoundation.framework */,
				EA5CFD15175CA187002FE0AE /* CoreText.framework */,
				EA5CFCDF175C9D73002FE0AE /* QuartzCore.framework */,
				EAB7E14117365E1000794C9D /* CFNetwork.framework */,
				EA87DA2B1734FA420073AD82 /* UIKit.framework */,
				EA87DA2D1734FA420073AD82 /* Foundation.framework */,
				EA87DA2F1734FA420073AD82 /* CoreGraphics.framework */,
			);
			name = Frameworks;
			sourceTree = "<group>";
		};
		EA87DA311734FA420073AD82 /* MobilSign */ = {
			isa = PBXGroup;
			children = (
				EA2B01AD1826B857008DD366 /* Managers */,
				EA87DA501734FA630073AD82 /* ViewControllers */,
				EA87DA4F1734FA5D0073AD82 /* View */,
				EA87DA4E1734FA580073AD82 /* Model */,
				EA2B019718267183008DD366 /* Categories */,
				EA87DA321734FA420073AD82 /* Supporting Files */,
			);
			path = MobilSign;
			sourceTree = "<group>";
		};
		EA87DA321734FA420073AD82 /* Supporting Files */ = {
			isa = PBXGroup;
			children = (
				EA2B019B18267892008DD366 /* Keychain wrapper */,
				EA75D5D4181FBCD300A3A903 /* Base64 */,
				EA08B601181665C2000CB080 /* SHA1 */,
				EA5CFEF4175CB6EC002FE0AE /* ZBarSDK */,
				EA5CFD2C175CA8D7002FE0AE /* MLPFlatColors */,
				EA5CFCE4175CA01E002FE0AE /* FlatUIKit */,
				EA87DA3A1734FA420073AD82 /* AppDelegate.h */,
				EA87DA3B1734FA420073AD82 /* AppDelegate.m */,
				EA87DA331734FA420073AD82 /* MobilSign-Info.plist */,
				EA87DA341734FA420073AD82 /* InfoPlist.strings */,
				EA87DA371734FA420073AD82 /* main.m */,
				EA87DA391734FA420073AD82 /* MobilSign-Prefix.pch */,
				EA87DA3D1734FA420073AD82 /* Default.png */,
				EA87DA3F1734FA420073AD82 /* Default@2x.png */,
				EA87DA411734FA420073AD82 /* Default-568h@2x.png */,
			);
			name = "Supporting Files";
			sourceTree = "<group>";
		};
		EA87DA4E1734FA580073AD82 /* Model */ = {
			isa = PBXGroup;
			children = (
			);
			name = Model;
			sourceTree = "<group>";
		};
		EA87DA4F1734FA5D0073AD82 /* View */ = {
			isa = PBXGroup;
			children = (
				EA87DA431734FA420073AD82 /* MainStoryboard.storyboard */,
				EA2B01921826705B008DD366 /* Images.xcassets */,
			);
			name = View;
			sourceTree = "<group>";
		};
		EA87DA501734FA630073AD82 /* ViewControllers */ = {
			isa = PBXGroup;
			children = (
				EA2B01941826716D008DD366 /* PasscodeViewController.h */,
				EA2B01951826716D008DD366 /* PasscodeViewController.m */,
				EA87DA461734FA420073AD82 /* ConnectViewController.h */,
				EA87DA471734FA420073AD82 /* ConnectViewController.m */,
				EA87DA54173521270073AD82 /* QRCodeViewController.h */,
				EA87DA55173521270073AD82 /* QRCodeViewController.m */,
				EA5CFF21175CD178002FE0AE /* PairedViewController.h */,
				EA5CFF22175CD178002FE0AE /* PairedViewController.m */,
			);
			name = ViewControllers;
			sourceTree = "<group>";
		};
/* End PBXGroup section */

/* Begin PBXNativeTarget section */
		EA87DA271734FA420073AD82 /* MobilSign */ = {
			isa = PBXNativeTarget;
			buildConfigurationList = EA87DA4B1734FA420073AD82 /* Build configuration list for PBXNativeTarget "MobilSign" */;
			buildPhases = (
				EA87DA241734FA420073AD82 /* Sources */,
				EA87DA251734FA420073AD82 /* Frameworks */,
				EA87DA261734FA420073AD82 /* Resources */,
			);
			buildRules = (
			);
			dependencies = (
			);
			name = MobilSign;
			productName = MobilSign;
			productReference = EA87DA281734FA420073AD82 /* MobilSign.app */;
			productType = "com.apple.product-type.application";
		};
/* End PBXNativeTarget section */

/* Begin PBXProject section */
		EA87DA201734FA420073AD82 /* Project object */ = {
			isa = PBXProject;
			attributes = {
				LastUpgradeCheck = 0460;
				ORGANIZATIONNAME = "Marek Spalek";
			};
			buildConfigurationList = EA87DA231734FA420073AD82 /* Build configuration list for PBXProject "MobilSign" */;
			compatibilityVersion = "Xcode 3.2";
			developmentRegion = English;
			hasScannedForEncodings = 0;
			knownRegions = (
				en,
				de,
				fr,
				sv,
			);
			mainGroup = EA87DA1F1734FA420073AD82;
			productRefGroup = EA87DA291734FA420073AD82 /* Products */;
			projectDirPath = "";
			projectRoot = "";
			targets = (
				EA87DA271734FA420073AD82 /* MobilSign */,
			);
		};
/* End PBXProject section */

/* Begin PBXResourcesBuildPhase section */
		EA87DA261734FA420073AD82 /* Resources */ = {
			isa = PBXResourcesBuildPhase;
			buildActionMask = 2147483647;
			files = (
				EA87DA361734FA420073AD82 /* InfoPlist.strings in Resources */,
				EA2B01931826705B008DD366 /* Images.xcassets in Resources */,
				EA87DA3E1734FA420073AD82 /* Default.png in Resources */,
				EA87DA401734FA420073AD82 /* Default@2x.png in Resources */,
				EA87DA421734FA420073AD82 /* Default-568h@2x.png in Resources */,
				EA87DA451734FA420073AD82 /* MainStoryboard.storyboard in Resources */,
				EA5CFD22175CA29B002FE0AE /* Lato-HairlineItalic.ttf in Resources */,
				EA5CFD23175CA29B002FE0AE /* Lato-LightItalic.ttf in Resources */,
				EA5CFD24175CA29B002FE0AE /* Lato-BlackItalic.ttf in Resources */,
				EA5CFD25175CA29B002FE0AE /* Lato-Black.ttf in Resources */,
				EA5CFD26175CA29B002FE0AE /* Lato-Hairline.ttf in Resources */,
				EA5CFD27175CA29B002FE0AE /* Lato-Italic.ttf in Resources */,
				EA5CFD28175CA29B002FE0AE /* Lato-Regular.ttf in Resources */,
				EA5CFD29175CA29B002FE0AE /* Lato-BoldItalic.ttf in Resources */,
				EA5CFD2A175CA29B002FE0AE /* Lato-Bold.ttf in Resources */,
				EA5CFD2B175CA29B002FE0AE /* Lato-Light.ttf in Resources */,
				EA5CFF13175CB6EC002FE0AE /* zbar-back.png in Resources */,
				EA5CFF14175CB6EC002FE0AE /* zbar-help.html in Resources */,
				EA5CFF15175CB6EC002FE0AE /* zbar-helpicons.png in Resources */,
				EA5CFF16175CB6EC002FE0AE /* zbar-samples.png in Resources */,
			);
			runOnlyForDeploymentPostprocessing = 0;
		};
/* End PBXResourcesBuildPhase section */

/* Begin PBXSourcesBuildPhase section */
		EA87DA241734FA420073AD82 /* Sources */ = {
			isa = PBXSourcesBuildPhase;
			buildActionMask = 2147483647;
			files = (
				EA87DA381734FA420073AD82 /* main.m in Sources */,
				EA2B019E182678A9008DD366 /* KeychainItemWrapper.m in Sources */,
				EA87DA3C1734FA420073AD82 /* AppDelegate.m in Sources */,
				EA87DA481734FA420073AD82 /* ConnectViewController.m in Sources */,
				EA2B01B01826B885008DD366 /* Crypto.m in Sources */,
				EA87DA531734FAAB0073AD82 /* MobilSignClient.m in Sources */,
				EA87DA56173521270073AD82 /* QRCodeViewController.m in Sources */,
				EA5CFD03175CA032002FE0AE /* UITabBar+FlatUI.m in Sources */,
				EA5CFD04175CA032002FE0AE /* UIProgressView+FlatUI.m in Sources */,
				EA5CFD05175CA032002FE0AE /* UINavigationBar+FlatUI.m in Sources */,
				EA5CFD06175CA032002FE0AE /* UIFont+FlatUI.m in Sources */,
				EA5CFD07175CA032002FE0AE /* UISlider+FlatUI.m in Sources */,
				EA2B01A318267ED1008DD366 /* UIAlertView+Extensions.m in Sources */,
				EA2B01AC1826B187008DD366 /* UIDevice+Extensions.m in Sources */,
				EA75D5D7181FBD0700A3A903 /* NSData+Base64.m in Sources */,
				EA5CFD08175CA032002FE0AE /* UITableViewCell+FlatUI.m in Sources */,
				EA2B01961826716D008DD366 /* PasscodeViewController.m in Sources */,
				EA5CFD09175CA032002FE0AE /* UIStepper+FlatUI.m in Sources */,
				EA5CFD0A175CA032002FE0AE /* FUIButton.m in Sources */,
				EA5CFD0B175CA032002FE0AE /* UIColor+FlatUI.m in Sources */,
				EA5CFD0C175CA032002FE0AE /* UIBarButtonItem+FlatUI.m in Sources */,
				EA5CFD0D175CA032002FE0AE /* FUISegmentedControl.m in Sources */,
				EA2B01B31826C349008DD366 /* NSData+AES256.m in Sources */,
				EA5CFD0E175CA032002FE0AE /* FUICellBackgroundView.m in Sources */,
				EA5CFD0F175CA032002FE0AE /* FUISwitch.m in Sources */,
				EA5CFD10175CA032002FE0AE /* UIImage+FlatUI.m in Sources */,
				EA5CFD11175CA032002FE0AE /* FUIAlertView.m in Sources */,
				EA5CFD14175CA124002FE0AE /* UIColor+MLPFlatColors.m in Sources */,
				EA5CFF23175CD178002FE0AE /* PairedViewController.m in Sources */,
				EA08B60018166589000CB080 /* NSData+SHA1.m in Sources */,
				EA2B019A182671A8008DD366 /* UIStoryboard+Extensions.m in Sources */,
				EA08B604181665E4000CB080 /* NSString+SHA1.m in Sources */,
				EA2B01A6182680AF008DD366 /* KeychainManager.m in Sources */,
			);
			runOnlyForDeploymentPostprocessing = 0;
		};
/* End PBXSourcesBuildPhase section */

/* Begin PBXVariantGroup section */
		EA87DA341734FA420073AD82 /* InfoPlist.strings */ = {
			isa = PBXVariantGroup;
			children = (
				EA87DA351734FA420073AD82 /* en */,
			);
			name = InfoPlist.strings;
			sourceTree = "<group>";
		};
		EA87DA431734FA420073AD82 /* MainStoryboard.storyboard */ = {
			isa = PBXVariantGroup;
			children = (
				EA87DA441734FA420073AD82 /* en */,
			);
			name = MainStoryboard.storyboard;
			sourceTree = "<group>";
		};
/* End PBXVariantGroup section */

/* Begin XCBuildConfiguration section */
		EA87DA491734FA420073AD82 /* Debug */ = {
			isa = XCBuildConfiguration;
			buildSettings = {
				ALWAYS_SEARCH_USER_PATHS = NO;
				CLANG_CXX_LANGUAGE_STANDARD = "gnu++0x";
				CLANG_CXX_LIBRARY = "libc++";
				CLANG_ENABLE_OBJC_ARC = YES;
				CLANG_WARN_CONSTANT_CONVERSION = YES;
				CLANG_WARN_EMPTY_BODY = YES;
				CLANG_WARN_ENUM_CONVERSION = YES;
				CLANG_WARN_INT_CONVERSION = YES;
				CLANG_WARN__DUPLICATE_METHOD_MATCH = YES;
				"CODE_SIGN_IDENTITY[sdk=iphoneos*]" = "iPhone Developer";
				COPY_PHASE_STRIP = NO;
				GCC_C_LANGUAGE_STANDARD = gnu99;
				GCC_DYNAMIC_NO_PIC = NO;
				GCC_OPTIMIZATION_LEVEL = 0;
				GCC_PREPROCESSOR_DEFINITIONS = (
					"DEBUG=1",
					"$(inherited)",
				);
				GCC_SYMBOLS_PRIVATE_EXTERN = NO;
				GCC_WARN_ABOUT_RETURN_TYPE = YES;
				GCC_WARN_UNINITIALIZED_AUTOS = YES;
				GCC_WARN_UNUSED_VARIABLE = YES;
				IPHONEOS_DEPLOYMENT_TARGET = 6.1;
				ONLY_ACTIVE_ARCH = YES;
				SDKROOT = iphoneos;
			};
			name = Debug;
		};
		EA87DA4A1734FA420073AD82 /* Release */ = {
			isa = XCBuildConfiguration;
			buildSettings = {
				ALWAYS_SEARCH_USER_PATHS = NO;
				CLANG_CXX_LANGUAGE_STANDARD = "gnu++0x";
				CLANG_CXX_LIBRARY = "libc++";
				CLANG_ENABLE_OBJC_ARC = YES;
				CLANG_WARN_CONSTANT_CONVERSION = YES;
				CLANG_WARN_EMPTY_BODY = YES;
				CLANG_WARN_ENUM_CONVERSION = YES;
				CLANG_WARN_INT_CONVERSION = YES;
				CLANG_WARN__DUPLICATE_METHOD_MATCH = YES;
				"CODE_SIGN_IDENTITY[sdk=iphoneos*]" = "iPhone Developer";
				COPY_PHASE_STRIP = YES;
				GCC_C_LANGUAGE_STANDARD = gnu99;
				GCC_WARN_ABOUT_RETURN_TYPE = YES;
				GCC_WARN_UNINITIALIZED_AUTOS = YES;
				GCC_WARN_UNUSED_VARIABLE = YES;
				IPHONEOS_DEPLOYMENT_TARGET = 6.1;
				OTHER_CFLAGS = "-DNS_BLOCK_ASSERTIONS=1";
				SDKROOT = iphoneos;
				VALIDATE_PRODUCT = YES;
			};
			name = Release;
		};
		EA87DA4C1734FA420073AD82 /* Debug */ = {
			isa = XCBuildConfiguration;
			buildSettings = {
				ASSETCATALOG_COMPILER_APPICON_NAME = AppIcon;
				ASSETCATALOG_COMPILER_LAUNCHIMAGE_NAME = LaunchImage;
				GCC_PRECOMPILE_PREFIX_HEADER = YES;
				GCC_PREFIX_HEADER = "MobilSign/MobilSign-Prefix.pch";
				INFOPLIST_FILE = "MobilSign/MobilSign-Info.plist";
				IPHONEOS_DEPLOYMENT_TARGET = 6.0;
				LIBRARY_SEARCH_PATHS = (
					"$(inherited)",
					"\"$(SRCROOT)/MobilSign/ZBarSDK\"",
				);
				PRODUCT_NAME = "$(TARGET_NAME)";
				VALID_ARCHS = "armv7 armv7s";
				WRAPPER_EXTENSION = app;
			};
			name = Debug;
		};
		EA87DA4D1734FA420073AD82 /* Release */ = {
			isa = XCBuildConfiguration;
			buildSettings = {
				ASSETCATALOG_COMPILER_APPICON_NAME = AppIcon;
				ASSETCATALOG_COMPILER_LAUNCHIMAGE_NAME = LaunchImage;
				GCC_PRECOMPILE_PREFIX_HEADER = YES;
				GCC_PREFIX_HEADER = "MobilSign/MobilSign-Prefix.pch";
				INFOPLIST_FILE = "MobilSign/MobilSign-Info.plist";
				IPHONEOS_DEPLOYMENT_TARGET = 6.0;
				LIBRARY_SEARCH_PATHS = (
					"$(inherited)",
					"\"$(SRCROOT)/MobilSign/ZBarSDK\"",
				);
				PRODUCT_NAME = "$(TARGET_NAME)";
				VALID_ARCHS = "armv7 armv7s";
				WRAPPER_EXTENSION = app;
			};
			name = Release;
		};
/* End XCBuildConfiguration section */

/* Begin XCConfigurationList section */
		EA87DA231734FA420073AD82 /* Build configuration list for PBXProject "MobilSign" */ = {
			isa = XCConfigurationList;
			buildConfigurations = (
				EA87DA491734FA420073AD82 /* Debug */,
				EA87DA4A1734FA420073AD82 /* Release */,
			);
			defaultConfigurationIsVisible = 0;
			defaultConfigurationName = Release;
		};
		EA87DA4B1734FA420073AD82 /* Build configuration list for PBXNativeTarget "MobilSign" */ = {
			isa = XCConfigurationList;
			buildConfigurations = (
				EA87DA4C1734FA420073AD82 /* Debug */,
				EA87DA4D1734FA420073AD82 /* Release */,
			);
			defaultConfigurationIsVisible = 0;
			defaultConfigurationName = Release;
		};
/* End XCConfigurationList section */
	};
	rootObject = EA87DA201734FA420073AD82 /* Project object */;
}
